
Microsoft Visual Studio Solution File, Format Version 12.00
# Visual Studio Version 17
VisualStudioVersion = 17.0.31903.59
MinimumVisualStudioVersion = 10.0.40219.1
Project("{2150E333-8FDC-42A3-9474-1A3956D46DE8}") = "API", "API", "{D82C56D6-B2CD-F611-9E31-04638F7EC30E}"
EndProject
Project("{FAE04EC0-301F-11D3-BF4B-00C04F79EFBC}") = "DotNetAngularTemplate", "API\DotNetAngularTemplate.csproj", "{B1F4FE2E-94DE-44A3-9EDE-5BF5D4F25D91}"
EndProject
Project("{9A19103F-16F7-4668-BE54-9A1E7A4F7556}") = "_build", "build\_build.csproj", "{BA2AEE40-13A7-49D4-A5ED-75C9A9D5724D}"
EndProject
Project("{FAE04EC0-301F-11D3-BF4B-00C04F79EFBC}") = "PlaywrightTests", "PlaywrightTests\PlaywrightTests.csproj", "{DDBEB0D3-811F-44D6-9885-D7BDB76858B3}"
EndProject
Global
	GlobalSection(SolutionConfigurationPlatforms) = preSolution
		Debug|Any CPU = Debug|Any CPU
		Debug|x64 = Debug|x64
		Debug|x86 = Debug|x86
		Release|Any CPU = Release|Any CPU
		Release|x64 = Release|x64
		Release|x86 = Release|x86
	EndGlobalSection
	GlobalSection(ProjectConfigurationPlatforms) = postSolution
		{B1F4FE2E-94DE-44A3-9EDE-5BF5D4F25D91}.Debug|Any CPU.ActiveCfg = Debug|Any CPU
		{B1F4FE2E-94DE-44A3-9EDE-5BF5D4F25D91}.Debug|Any CPU.Build.0 = Debug|Any CPU
		{B1F4FE2E-94DE-44A3-9EDE-5BF5D4F25D91}.Debug|x64.ActiveCfg = Debug|Any CPU
		{B1F4FE2E-94DE-44A3-9EDE-5BF5D4F25D91}.Debug|x64.Build.0 = Debug|Any CPU
		{B1F4FE2E-94DE-44A3-9EDE-5BF5D4F25D91}.Debug|x86.ActiveCfg = Debug|Any CPU
		{B1F4FE2E-94DE-44A3-9EDE-5BF5D4F25D91}.Debug|x86.Build.0 = Debug|Any CPU
		{B1F4FE2E-94DE-44A3-9EDE-5BF5D4F25D91}.Release|Any CPU.ActiveCfg = Release|Any CPU
		{B1F4FE2E-94DE-44A3-9EDE-5BF5D4F25D91}.Release|Any CPU.Build.0 = Release|Any CPU
		{B1F4FE2E-94DE-44A3-9EDE-5BF5D4F25D91}.Release|x64.ActiveCfg = Release|Any CPU
		{B1F4FE2E-94DE-44A3-9EDE-5BF5D4F25D91}.Release|x64.Build.0 = Release|Any CPU
		{B1F4FE2E-94DE-44A3-9EDE-5BF5D4F25D91}.Release|x86.ActiveCfg = Release|Any CPU
		{B1F4FE2E-94DE-44A3-9EDE-5BF5D4F25D91}.Release|x86.Build.0 = Release|Any CPU
		{BA2AEE40-13A7-49D4-A5ED-75C9A9D5724D}.Debug|Any CPU.ActiveCfg = Debug|Any CPU
		{BA2AEE40-13A7-49D4-A5ED-75C9A9D5724D}.Release|Any CPU.ActiveCfg = Release|Any CPU
		{DDBEB0D3-811F-44D6-9885-D7BDB76858B3}.Debug|Any CPU.ActiveCfg = Debug|Any CPU
		{DDBEB0D3-811F-44D6-9885-D7BDB76858B3}.Debug|Any CPU.Build.0 = Debug|Any CPU
		{DDBEB0D3-811F-44D6-9885-D7BDB76858B3}.Debug|x64.ActiveCfg = Debug|Any CPU
		{DDBEB0D3-811F-44D6-9885-D7BDB76858B3}.Debug|x64.Build.0 = Debug|Any CPU
		{DDBEB0D3-811F-44D6-9885-D7BDB76858B3}.Debug|x86.ActiveCfg = Debug|Any CPU
		{DDBEB0D3-811F-44D6-9885-D7BDB76858B3}.Debug|x86.Build.0 = Debug|Any CPU
		{DDBEB0D3-811F-44D6-9885-D7BDB76858B3}.Release|Any CPU.ActiveCfg = Release|Any CPU
		{DDBEB0D3-811F-44D6-9885-D7BDB76858B3}.Release|Any CPU.Build.0 = Release|Any CPU
		{DDBEB0D3-811F-44D6-9885-D7BDB76858B3}.Release|x64.ActiveCfg = Release|Any CPU
		{DDBEB0D3-811F-44D6-9885-D7BDB76858B3}.Release|x64.Build.0 = Release|Any CPU
		{DDBEB0D3-811F-44D6-9885-D7BDB76858B3}.Release|x86.ActiveCfg = Release|Any CPU
		{DDBEB0D3-811F-44D6-9885-D7BDB76858B3}.Release|x86.Build.0 = Release|Any CPU
	EndGlobalSection
	GlobalSection(SolutionProperties) = preSolution
		HideSolutionNode = FALSE
	EndGlobalSection
	GlobalSection(NestedProjects) = preSolution
		{B1F4FE2E-94DE-44A3-9EDE-5BF5D4F25D91} = {D82C56D6-B2CD-F611-9E31-04638F7EC30E}
	EndGlobalSection
EndGlobal
